
Microsoft Visual Studio Solution File, Format Version 12.00
# Visual Studio 2012
Project("{FAE04EC0-301F-11D3-BF4B-00C04F79EFBC}") = "Northwind.WebApi", "Northwind.WebApi\Northwind.WebApi.csproj", "{AF50733B-8E10-4E65-82C4-460D9707F9A7}"
EndProject
Project("{FAE04EC0-301F-11D3-BF4B-00C04F79EFBC}") = "Northwind.WebApi.Tests", "Northwind.WebApi.Tests\Northwind.WebApi.Tests.csproj", "{E1317DC2-23EC-4A74-AC6A-AB6FC322331A}"
EndProject
Project("{2150E333-8FDC-42A3-9474-1A3956D46DE8}") = "Solution Items", "Solution Items", "{8053AF93-F720-42BE-8C3F-BEC68DB583F2}"
	ProjectSection(SolutionItems) = preProject
		TestSettings.testsettings = TestSettings.testsettings
	EndProjectSection
EndProject
Global
	GlobalSection(SolutionConfigurationPlatforms) = preSolution
		Debug|Any CPU = Debug|Any CPU
		Release|Any CPU = Release|Any CPU
	EndGlobalSection
	GlobalSection(ProjectConfigurationPlatforms) = postSolution
		{AF50733B-8E10-4E65-82C4-460D9707F9A7}.Debug|Any CPU.ActiveCfg = Debug|Any CPU
		{AF50733B-8E10-4E65-82C4-460D9707F9A7}.Debug|Any CPU.Build.0 = Debug|Any CPU
		{AF50733B-8E10-4E65-82C4-460D9707F9A7}.Release|Any CPU.ActiveCfg = Release|Any CPU
		{AF50733B-8E10-4E65-82C4-460D9707F9A7}.Release|Any CPU.Build.0 = Release|Any CPU
		{E1317DC2-23EC-4A74-AC6A-AB6FC322331A}.Debug|Any CPU.ActiveCfg = Debug|Any CPU
		{E1317DC2-23EC-4A74-AC6A-AB6FC322331A}.Debug|Any CPU.Build.0 = Debug|Any CPU
		{E1317DC2-23EC-4A74-AC6A-AB6FC322331A}.Release|Any CPU.ActiveCfg = Release|Any CPU
		{E1317DC2-23EC-4A74-AC6A-AB6FC322331A}.Release|Any CPU.Build.0 = Release|Any CPU
	EndGlobalSection
	GlobalSection(SolutionProperties) = preSolution
		HideSolutionNode = FALSE
	EndGlobalSection
EndGlobal
